
Microsoft Visual Studio Solution File, Format Version 12.00
# Visual Studio 15
Project("{FAE04EC0-301F-11D3-BF4B-00C04F79EFBC}") = "Assembly-CSharp", "Assembly-CSharp.csproj", "{44F6C437-AC15-80A5-22B5-6F321EEA9B17}"
EndProject
Project("{FAE04EC0-301F-11D3-BF4B-00C04F79EFBC}") = "Oculus.VR", "Oculus.VR.csproj", "{4A111404-5C4B-C2E1-A394-33F1777D55C8}"
EndProject
Project("{FAE04EC0-301F-11D3-BF4B-00C04F79EFBC}") = "Oculus.Platform", "Oculus.Platform.csproj", "{83490543-203D-4191-6109-C5504238C11D}"
EndProject
Project("{FAE04EC0-301F-11D3-BF4B-00C04F79EFBC}") = "Assembly-CSharp-Editor", "Assembly-CSharp-Editor.csproj", "{101A4350-8D5C-5BEB-BC40-3F05CB561C36}"
EndProject
Project("{FAE04EC0-301F-11D3-BF4B-00C04F79EFBC}") = "Oculus.VR.Scripts.Editor", "Oculus.VR.Scripts.Editor.csproj", "{0CDF8B59-BFD5-C53C-DC81-E9955E7645BA}"
EndProject
Project("{FAE04EC0-301F-11D3-BF4B-00C04F79EFBC}") = "Oculus.VR.Editor", "Oculus.VR.Editor.csproj", "{6149624E-2BFA-C21B-387A-5E1C2489472E}"
EndProject
Project("{FAE04EC0-301F-11D3-BF4B-00C04F79EFBC}") = "Oculus.Platform.Editor", "Oculus.Platform.Editor.csproj", "{3D9523CC-58CD-5AF3-8777-3613BEF2394D}"
EndProject
Global
	GlobalSection(SolutionConfigurationPlatforms) = preSolution
		Debug|Any CPU = Debug|Any CPU
		Release|Any CPU = Release|Any CPU
	EndGlobalSection
	GlobalSection(ProjectConfigurationPlatforms) = postSolution
		{44F6C437-AC15-80A5-22B5-6F321EEA9B17}.Debug|Any CPU.ActiveCfg = Debug|Any CPU
		{44F6C437-AC15-80A5-22B5-6F321EEA9B17}.Debug|Any CPU.Build.0 = Debug|Any CPU
		{44F6C437-AC15-80A5-22B5-6F321EEA9B17}.Release|Any CPU.ActiveCfg = Release|Any CPU
		{44F6C437-AC15-80A5-22B5-6F321EEA9B17}.Release|Any CPU.Build.0 = Release|Any CPU
		{4A111404-5C4B-C2E1-A394-33F1777D55C8}.Debug|Any CPU.ActiveCfg = Debug|Any CPU
		{4A111404-5C4B-C2E1-A394-33F1777D55C8}.Debug|Any CPU.Build.0 = Debug|Any CPU
		{4A111404-5C4B-C2E1-A394-33F1777D55C8}.Release|Any CPU.ActiveCfg = Release|Any CPU
		{4A111404-5C4B-C2E1-A394-33F1777D55C8}.Release|Any CPU.Build.0 = Release|Any CPU
		{83490543-203D-4191-6109-C5504238C11D}.Debug|Any CPU.ActiveCfg = Debug|Any CPU
		{83490543-203D-4191-6109-C5504238C11D}.Debug|Any CPU.Build.0 = Debug|Any CPU
		{83490543-203D-4191-6109-C5504238C11D}.Release|Any CPU.ActiveCfg = Release|Any CPU
		{83490543-203D-4191-6109-C5504238C11D}.Release|Any CPU.Build.0 = Release|Any CPU
		{101A4350-8D5C-5BEB-BC40-3F05CB561C36}.Debug|Any CPU.ActiveCfg = Debug|Any CPU
		{101A4350-8D5C-5BEB-BC40-3F05CB561C36}.Debug|Any CPU.Build.0 = Debug|Any CPU
		{101A4350-8D5C-5BEB-BC40-3F05CB561C36}.Release|Any CPU.ActiveCfg = Release|Any CPU
		{101A4350-8D5C-5BEB-BC40-3F05CB561C36}.Release|Any CPU.Build.0 = Release|Any CPU
		{0CDF8B59-BFD5-C53C-DC81-E9955E7645BA}.Debug|Any CPU.ActiveCfg = Debug|Any CPU
		{0CDF8B59-BFD5-C53C-DC81-E9955E7645BA}.Debug|Any CPU.Build.0 = Debug|Any CPU
		{0CDF8B59-BFD5-C53C-DC81-E9955E7645BA}.Release|Any CPU.ActiveCfg = Release|Any CPU
		{0CDF8B59-BFD5-C53C-DC81-E9955E7645BA}.Release|Any CPU.Build.0 = Release|Any CPU
		{6149624E-2BFA-C21B-387A-5E1C2489472E}.Debug|Any CPU.ActiveCfg = Debug|Any CPU
		{6149624E-2BFA-C21B-387A-5E1C2489472E}.Debug|Any CPU.Build.0 = Debug|Any CPU
		{6149624E-2BFA-C21B-387A-5E1C2489472E}.Release|Any CPU.ActiveCfg = Release|Any CPU
		{6149624E-2BFA-C21B-387A-5E1C2489472E}.Release|Any CPU.Build.0 = Release|Any CPU
		{3D9523CC-58CD-5AF3-8777-3613BEF2394D}.Debug|Any CPU.ActiveCfg = Debug|Any CPU
		{3D9523CC-58CD-5AF3-8777-3613BEF2394D}.Debug|Any CPU.Build.0 = Debug|Any CPU
		{3D9523CC-58CD-5AF3-8777-3613BEF2394D}.Release|Any CPU.ActiveCfg = Release|Any CPU
		{3D9523CC-58CD-5AF3-8777-3613BEF2394D}.Release|Any CPU.Build.0 = Release|Any CPU
	EndGlobalSection
	GlobalSection(SolutionProperties) = preSolution
		HideSolutionNode = FALSE
	EndGlobalSection
EndGlobal
